<Solution>
  <Folder Name="/src/">
    <Project Path="src/Nieweb.Api/Nieweb.Api.csproj" />
    <Project Path="src/Nieweb.Data/Nieweb.Data.csproj" />
    <Project Path="src/Nieweb.Data.Migrations.Npgsql/Nieweb.Data.Migrations.Npgsql.csproj" />
    <Project Path="src/Nieweb.Data.Migrations.Sqlite/Nieweb.Data.Migrations.Sqlite.csproj" />
    <Project Path="src/Nieweb.DataSources.Fake/Nieweb.DataSources.Fake.csproj" />
    <Project Path="src/Nieweb.DataSources.Sql/Nieweb.DataSources.Sql.csproj" />
    <Project Path="src/Nieweb.DataSources/Nieweb.DataSources.csproj" />
    <Project Path="src/Nieweb.Filters/Nieweb.Filters.csproj" />
    <Project Path="src/Nieweb.Identity/Nieweb.Identity.csproj" />
    <Project Path="src/Nieweb.Pdf/Nieweb.Pdf.csproj" />
    <Project Path="src/Nieweb.Reports.Common/Nieweb.Reports.Common.csproj" />
    <Project Path="src/Nieweb.Reports.Traceability/Nieweb.Reports.Traceability.csproj" />
    <Project Path="src/Nieweb.Reports/Nieweb.Reports.csproj" />
  </Folder>
  <Folder Name="/tools/">
    <Project Path="tools/db-smoke/Nieweb.DbSmoke.csproj" />
  </Folder>
  <Folder Name="/tests/">
    <Project Path="tests/Nieweb.Identity.Tests/Nieweb.Identity.Tests.csproj" />
    <Project Path="tests/Nieweb.Api.Tests/Nieweb.Api.Tests.csproj" />
    <Project Path="tests/Nieweb.DataSources.Sql.Tests/Nieweb.DataSources.Sql.Tests.csproj" />
    <Project Path="tests/Nieweb.Reports.TestKit/Nieweb.Reports.TestKit.csproj" />
    <Project Path="tests/Nieweb.Reports.Tests/Nieweb.Reports.Tests.csproj" />
  </Folder>
</Solution>
